
Microsoft Visual Studio Solution File, Format Version 12.00
# Visual Studio 14
VisualStudioVersion = 14.0.25420.1
MinimumVisualStudioVersion = 10.0.40219.1
Project("{FAE04EC0-301F-11D3-BF4B-00C04F79EFBC}") = "CombisApp.Web", "CombisApp\CombisApp.Web.csproj", "{4EE9567F-0DD5-424F-8522-2944D82E880A}"
	ProjectSection(ProjectDependencies) = postProject
		{CE6C39D3-8665-4914-937F-D6E33DFE3341} = {CE6C39D3-8665-4914-937F-D6E33DFE3341}
	EndProjectSection
EndProject
Project("{FAE04EC0-301F-11D3-BF4B-00C04F79EFBC}") = "CombisApp.DAL", "CombisApp.DAL\CombisApp.DAL.csproj", "{DF9474AF-EEDA-4D89-82F3-71C6537A7240}"
EndProject
Project("{FAE04EC0-301F-11D3-BF4B-00C04F79EFBC}") = "CombisApp.Model", "CombisApp.Model\CombisApp.Model.csproj", "{CE6C39D3-8665-4914-937F-D6E33DFE3341}"
EndProject
Global
	GlobalSection(SolutionConfigurationPlatforms) = preSolution
		Debug|Any CPU = Debug|Any CPU
		Release|Any CPU = Release|Any CPU
	EndGlobalSection
	GlobalSection(ProjectConfigurationPlatforms) = postSolution
		{4EE9567F-0DD5-424F-8522-2944D82E880A}.Debug|Any CPU.ActiveCfg = Debug|Any CPU
		{4EE9567F-0DD5-424F-8522-2944D82E880A}.Debug|Any CPU.Build.0 = Debug|Any CPU
		{4EE9567F-0DD5-424F-8522-2944D82E880A}.Release|Any CPU.ActiveCfg = Release|Any CPU
		{4EE9567F-0DD5-424F-8522-2944D82E880A}.Release|Any CPU.Build.0 = Release|Any CPU
		{DF9474AF-EEDA-4D89-82F3-71C6537A7240}.Debug|Any CPU.ActiveCfg = Debug|Any CPU
		{DF9474AF-EEDA-4D89-82F3-71C6537A7240}.Debug|Any CPU.Build.0 = Debug|Any CPU
		{DF9474AF-EEDA-4D89-82F3-71C6537A7240}.Release|Any CPU.ActiveCfg = Release|Any CPU
		{DF9474AF-EEDA-4D89-82F3-71C6537A7240}.Release|Any CPU.Build.0 = Release|Any CPU
		{CE6C39D3-8665-4914-937F-D6E33DFE3341}.Debug|Any CPU.ActiveCfg = Debug|Any CPU
		{CE6C39D3-8665-4914-937F-D6E33DFE3341}.Debug|Any CPU.Build.0 = Debug|Any CPU
		{CE6C39D3-8665-4914-937F-D6E33DFE3341}.Release|Any CPU.ActiveCfg = Release|Any CPU
		{CE6C39D3-8665-4914-937F-D6E33DFE3341}.Release|Any CPU.Build.0 = Release|Any CPU
	EndGlobalSection
	GlobalSection(SolutionProperties) = preSolution
		HideSolutionNode = FALSE
	EndGlobalSection
EndGlobal
